
Microsoft Visual Studio Solution File, Format Version 12.00
# Visual Studio Version 16
VisualStudioVersion = 16.0.28922.388
MinimumVisualStudioVersion = 10.0.40219.1
Project("{FAE04EC0-301F-11D3-BF4B-00C04F79EFBC}") = "LancioDadi1", "LancioDadi1\LancioDadi1.csproj", "{C3A2216F-A9E3-4A9C-8AC5-372FFA284569}"
EndProject
Global
	GlobalSection(SolutionConfigurationPlatforms) = preSolution
		Debug|Any CPU = Debug|Any CPU
		Release|Any CPU = Release|Any CPU
	EndGlobalSection
	GlobalSection(ProjectConfigurationPlatforms) = postSolution
		{C3A2216F-A9E3-4A9C-8AC5-372FFA284569}.Debug|Any CPU.ActiveCfg = Debug|Any CPU
		{C3A2216F-A9E3-4A9C-8AC5-372FFA284569}.Debug|Any CPU.Build.0 = Debug|Any CPU
		{C3A2216F-A9E3-4A9C-8AC5-372FFA284569}.Release|Any CPU.ActiveCfg = Release|Any CPU
		{C3A2216F-A9E3-4A9C-8AC5-372FFA284569}.Release|Any CPU.Build.0 = Release|Any CPU
	EndGlobalSection
	GlobalSection(SolutionProperties) = preSolution
		HideSolutionNode = FALSE
	EndGlobalSection
	GlobalSection(ExtensibilityGlobals) = postSolution
		SolutionGuid = {1DFE3FB6-D10B-46A2-A119-1AC2E96ED221}
	EndGlobalSection
EndGlobal
